// !$*UTF8*$!
{
	archiveVersion = 1;
	classes = {
	};
	objectVersion = 50;
	objects = {

/* Begin PBXBuildFile section */
		23E2B528208982B100B3216A /* AppDelegate.m in Sources */ = {isa = PBXBuildFile; fileRef = 23E2B527208982B100B3216A /* AppDelegate.m */; };
		23E2B52B208982B100B3216A /* ViewController.m in Sources */ = {isa = PBXBuildFile; fileRef = 23E2B52A208982B100B3216A /* ViewController.m */; };
		23E2B52E208982B100B3216A /* Main.storyboard in Resources */ = {isa = PBXBuildFile; fileRef = 23E2B52C208982B100B3216A /* Main.storyboard */; };
		23E2B530208982B200B3216A /* Assets.xcassets in Resources */ = {isa = PBXBuildFile; fileRef = 23E2B52F208982B200B3216A /* Assets.xcassets */; };
		23E2B533208982B200B3216A /* LaunchScreen.storyboard in Resources */ = {isa = PBXBuildFile; fileRef = 23E2B531208982B200B3216A /* LaunchScreen.storyboard */; };
		23E2B536208982B200B3216A /* main.m in Sources */ = {isa = PBXBuildFile; fileRef = 23E2B535208982B200B3216A /* main.m */; };
/* End PBXBuildFile section */

/* Begin PBXFileReference section */
		23E2B523208982B100B3216A /* HZCommonUtil.app */ = {isa = PBXFileReference; explicitFileType = wrapper.application; includeInIndex = 0; path = HZCommonUtil.app; sourceTree = BUILT_PRODUCTS_DIR; };
		23E2B526208982B100B3216A /* AppDelegate.h */ = {isa = PBXFileReference; lastKnownFileType = sourcecode.c.h; path = AppDelegate.h; sourceTree = "<group>"; };
		23E2B527208982B100B3216A /* AppDelegate.m */ = {isa = PBXFileReference; lastKnownFileType = sourcecode.c.objc; path = AppDelegate.m; sourceTree = "<group>"; };
		23E2B529208982B100B3216A /* ViewController.h */ = {isa = PBXFileReference; lastKnownFileType = sourcecode.c.h; path = ViewController.h; sourceTree = "<group>"; };
		23E2B52A208982B100B3216A /* ViewController.m */ = {isa = PBXFileReference; lastKnownFileType = sourcecode.c.objc; path = ViewController.m; sourceTree = "<group>"; };
		23E2B52D208982B100B3216A /* Base */ = {isa = PBXFileReference; lastKnownFileType = file.storyboard; name = Base; path = Base.lproj/Main.storyboard; sourceTree = "<group>"; };
		23E2B52F208982B200B3216A /* Assets.xcassets */ = {isa = PBXFileReference; lastKnownFileType = folder.assetcatalog; path = Assets.xcassets; sourceTree = "<group>"; };
		23E2B532208982B200B3216A /* Base */ = {isa = PBXFileReference; lastKnownFileType = file.storyboard; name = Base; path = Base.lproj/LaunchScreen.storyboard; sourceTree = "<group>"; };
		23E2B534208982B200B3216A /* Info.plist */ = {isa = PBXFileReference; lastKnownFileType = text.plist.xml; path = Info.plist; sourceTree = "<group>"; };
		23E2B535208982B200B3216A /* main.m */ = {isa = PBXFileReference; lastKnownFileType = sourcecode.c.objc; path = main.m; sourceTree = "<group>"; };
/* End PBXFileReference section */

/* Begin PBXFrameworksBuildPhase section */
		23E2B520208982B100B3216A /* Frameworks */ = {
			isa = PBXFrameworksBuildPhase;
			buildActionMask = 2147483647;
			files = (
			);
			runOnlyForDeploymentPostprocessing = 0;
		};
/* End PBXFrameworksBuildPhase section */

/* Begin PBXGroup section */
		23E2B51A208982B000B3216A = {
			isa = PBXGroup;
			children = (
				23E2B525208982B100B3216A /* HZCommonUtil */,
				23E2B524208982B100B3216A /* Products */,
			);
			sourceTree = "<group>";
		};
		23E2B524208982B100B3216A /* Products */ = {
			isa = PBXGroup;
			children = (
				23E2B523208982B100B3216A /* HZCommonUtil.app */,
			);
			name = Products;
			sourceTree = "<group>";
		};
		23E2B525208982B100B3216A /* HZCommonUtil */ = {
			isa = PBXGroup;
			children = (
				23E2B526208982B100B3216A /* AppDelegate.h */,
				23E2B527208982B100B3216A /* AppDelegate.m */,
				23E2B529208982B100B3216A /* ViewController.h */,
				23E2B52A208982B100B3216A /* ViewController.m */,
				23E2B52C208982B100B3216A /* Main.storyboard */,
				23E2B52F208982B200B3216A /* Assets.xcassets */,
				23E2B531208982B200B3216A /* LaunchScreen.storyboard */,
				23E2B534208982B200B3216A /* Info.plist */,
				23E2B535208982B200B3216A /* main.m */,
			);
			path = HZCommonUtil;
			sourceTree = "<group>";
		};
/* End PBXGroup section */

/* Begin PBXNativeTarget section */
		23E2B522208982B100B3216A /* HZCommonUtil */ = {
			isa = PBXNativeTarget;
			buildConfigurationList = 23E2B539208982B200B3216A /* Build configuration list for PBXNativeTarget "HZCommonUtil" */;
			buildPhases = (
				23E2B51F208982B100B3216A /* Sources */,
				23E2B520208982B100B3216A /* Frameworks */,
				23E2B521208982B100B3216A /* Resources */,
			);
			buildRules = (
			);
			dependencies = (
			);
			name = HZCommonUtil;
			productName = HZCommonUtil;
			productReference = 23E2B523208982B100B3216A /* HZCommonUtil.app */;
			productType = "com.apple.product-type.application";
		};
/* End PBXNativeTarget section */

/* Begin PBXProject section */
		23E2B51B208982B000B3216A /* Project object */ = {
			isa = PBXProject;
			attributes = {
				LastUpgradeCheck = 0930;
				ORGANIZATIONNAME = HachiTech;
				TargetAttributes = {
					23E2B522208982B100B3216A = {
						CreatedOnToolsVersion = 9.3;
					};
				};
			};
			buildConfigurationList = 23E2B51E208982B100B3216A /* Build configuration list for PBXProject "HZCommonUtil" */;
			compatibilityVersion = "Xcode 9.3";
			developmentRegion = en;
			hasScannedForEncodings = 0;
			knownRegions = (
				en,
				Base,
			);
			mainGroup = 23E2B51A208982B000B3216A;
			productRefGroup = 23E2B524208982B100B3216A /* Products */;
			projectDirPath = "";
			projectRoot = "";
			targets = (
				23E2B522208982B100B3216A /* HZCommonUtil */,
			);
		};
/* End PBXProject section */

/* Begin PBXResourcesBuildPhase section */
		23E2B521208982B100B3216A /* Resources */ = {
			isa = PBXResourcesBuildPhase;
			buildActionMask = 2147483647;
			files = (
				23E2B533208982B200B3216A /* LaunchScreen.storyboard in Resources */,
				23E2B530208982B200B3216A /* Assets.xcassets in Resources */,
				23E2B52E208982B100B3216A /* Main.storyboard in Resources */,
			);
			runOnlyForDeploymentPostprocessing = 0;
		};
/* End PBXResourcesBuildPhase section */

/* Begin PBXSourcesBuildPhase section */
		23E2B51F208982B100B3216A /* Sources */ = {
			isa = PBXSourcesBuildPhase;
			buildActionMask = 2147483647;
			files = (
				23E2B52B208982B100B3216A /* ViewController.m in Sources */,
				23E2B536208982B200B3216A /* main.m in Sources */,
				23E2B528208982B100B3216A /* AppDelegate.m in Sources */,
			);
			runOnlyForDeploymentPostprocessing = 0;
		};
/* End PBXSourcesBuildPhase section */

/* Begin PBXVariantGroup section */
		23E2B52C208982B100B3216A /* Main.storyboard */ = {
			isa = PBXVariantGroup;
			children = (
				23E2B52D208982B100B3216A /* Base */,
			);
			name = Main.storyboard;
			sourceTree = "<group>";
		};
		23E2B531208982B200B3216A /* LaunchScreen.storyboard */ = {
			isa = PBXVariantGroup;
			children = (
				23E2B532208982B200B3216A /* Base */,
			);
			name = LaunchScreen.storyboard;
			sourceTree = "<group>";
		};
/* End PBXVariantGroup section */

/* Begin XCBuildConfiguration section */
		23E2B537208982B200B3216A /* Debug */ = {
			isa = XCBuildConfiguration;
			buildSettings = {
				ALWAYS_SEARCH_USER_PATHS = NO;
				CLANG_ANALYZER_NONNULL = YES;
				CLANG_ANALYZER_NUMBER_OBJECT_CONVERSION = YES_AGGRESSIVE;
				CLANG_CXX_LANGUAGE_STANDARD = "gnu++14";
				CLANG_CXX_LIBRARY = "libc++";
				CLANG_ENABLE_MODULES = YES;
				CLANG_ENABLE_OBJC_ARC = YES;
				CLANG_ENABLE_OBJC_WEAK = YES;
				CLANG_WARN_BLOCK_CAPTURE_AUTORELEASING = YES;
				CLANG_WARN_BOOL_CONVERSION = YES;
				CLANG_WARN_COMMA = YES;
				CLANG_WARN_CONSTANT_CONVERSION = YES;
				CLANG_WARN_DEPRECATED_OBJC_IMPLEMENTATIONS = YES;
				CLANG_WARN_DIRECT_OBJC_ISA_USAGE = YES_ERROR;
				CLANG_WARN_DOCUMENTATION_COMMENTS = YES;
				CLANG_WARN_EMPTY_BODY = YES;
				CLANG_WARN_ENUM_CONVERSION = YES;
				CLANG_WARN_INFINITE_RECURSION = YES;
				CLANG_WARN_INT_CONVERSION = YES;
				CLANG_WARN_NON_LITERAL_NULL_CONVERSION = YES;
				CLANG_WARN_OBJC_IMPLICIT_RETAIN_SELF = YES;
				CLANG_WARN_OBJC_LITERAL_CONVERSION = YES;
				CLANG_WARN_OBJC_ROOT_CLASS = YES_ERROR;
				CLANG_WARN_RANGE_LOOP_ANALYSIS = YES;
				CLANG_WARN_STRICT_PROTOTYPES = YES;
				CLANG_WARN_SUSPICIOUS_MOVE = YES;
				CLANG_WARN_UNGUARDED_AVAILABILITY = YES_AGGRESSIVE;
				CLANG_WARN_UNREACHABLE_CODE = YES;
				CLANG_WARN__DUPLICATE_METHOD_MATCH = YES;
				CODE_SIGN_IDENTITY = "iPhone Developer";
				COPY_PHASE_STRIP = NO;
				DEBUG_INFORMATION_FORMAT = dwarf;
				ENABLE_STRICT_OBJC_MSGSEND = YES;
				ENABLE_TESTABILITY = YES;
				GCC_C_LANGUAGE_STANDARD = gnu11;
				GCC_DYNAMIC_NO_PIC = NO;
				GCC_NO_COMMON_BLOCKS = YES;
				GCC_OPTIMIZATION_LEVEL = 0;
				GCC_PREPROCESSOR_DEFINITIONS = (
					"DEBUG=1",
					"$(inherited)",
				);
				GCC_WARN_64_TO_32_BIT_CONVERSION = YES;
				GCC_WARN_ABOUT_RETURN_TYPE = YES_ERROR;
				GCC_WARN_UNDECLARED_SELECTOR = YES;
				GCC_WARN_UNINITIALIZED_AUTOS = YES_AGGRESSIVE;
				GCC_WARN_UNUSED_FUNCTION = YES;
				GCC_WARN_UNUSED_VARIABLE = YES;
				IPHONEOS_DEPLOYMENT_TARGET = 11.3;
				MTL_ENABLE_DEBUG_INFO = YES;
				ONLY_ACTIVE_ARCH = YES;
				SDKROOT = iphoneos;
			};
			name = Debug;
		};
		23E2B538208982B200B3216A /* Release */ = {
			isa = XCBuildConfiguration;
			buildSettings = {
				ALWAYS_SEARCH_USER_PATHS = NO;
				CLANG_ANALYZER_NONNULL = YES;
				CLANG_ANALYZER_NUMBER_OBJECT_CONVERSION = YES_AGGRESSIVE;
				CLANG_CXX_LANGUAGE_STANDARD = "gnu++14";
				CLANG_CXX_LIBRARY = "libc++";
				CLANG_ENABLE_MODULES = YES;
				CLANG_ENABLE_OBJC_ARC = YES;
				CLANG_ENABLE_OBJC_WEAK = YES;
				CLANG_WARN_BLOCK_CAPTURE_AUTORELEASING = YES;
				CLANG_WARN_BOOL_CONVERSION = YES;
				CLANG_WARN_COMMA = YES;
				CLANG_WARN_CONSTANT_CONVERSION = YES;
				CLANG_WARN_DEPRECATED_OBJC_IMPLEMENTATIONS = YES;
				CLANG_WARN_DIRECT_OBJC_ISA_USAGE = YES_ERROR;
				CLANG_WARN_DOCUMENTATION_COMMENTS = YES;
				CLANG_WARN_EMPTY_BODY = YES;
				CLANG_WARN_ENUM_CONVERSION = YES;
				CLANG_WARN_INFINITE_RECURSION = YES;
				CLANG_WARN_INT_CONVERSION = YES;
				CLANG_WARN_NON_LITERAL_NULL_CONVERSION = YES;
				CLANG_WARN_OBJC_IMPLICIT_RETAIN_SELF = YES;
				CLANG_WARN_OBJC_LITERAL_CONVERSION = YES;
				CLANG_WARN_OBJC_ROOT_CLASS = YES_ERROR;
				CLANG_WARN_RANGE_LOOP_ANALYSIS = YES;
				CLANG_WARN_STRICT_PROTOTYPES = YES;
				CLANG_WARN_SUSPICIOUS_MOVE = YES;
				CLANG_WARN_UNGUARDED_AVAILABILITY = YES_AGGRESSIVE;
				CLANG_WARN_UNREACHABLE_CODE = YES;
				CLANG_WARN__DUPLICATE_METHOD_MATCH = YES;
				CODE_SIGN_IDENTITY = "iPhone Developer";
				COPY_PHASE_STRIP = NO;
				DEBUG_INFORMATION_FORMAT = "dwarf-with-dsym";
				ENABLE_NS_ASSERTIONS = NO;
				ENABLE_STRICT_OBJC_MSGSEND = YES;
				GCC_C_LANGUAGE_STANDARD = gnu11;
				GCC_NO_COMMON_BLOCKS = YES;
				GCC_WARN_64_TO_32_BIT_CONVERSION = YES;
				GCC_WARN_ABOUT_RETURN_TYPE = YES_ERROR;
				GCC_WARN_UNDECLARED_SELECTOR = YES;
				GCC_WARN_UNINITIALIZED_AUTOS = YES_AGGRESSIVE;
				GCC_WARN_UNUSED_FUNCTION = YES;
				GCC_WARN_UNUSED_VARIABLE = YES;
				IPHONEOS_DEPLOYMENT_TARGET = 11.3;
				MTL_ENABLE_DEBUG_INFO = NO;
				SDKROOT = iphoneos;
				VALIDATE_PRODUCT = YES;
			};
			name = Release;
		};
		23E2B53A208982B200B3216A /* Debug */ = {
			isa = XCBuildConfiguration;
			buildSettings = {
				ASSETCATALOG_COMPILER_APPICON_NAME = AppIcon;
				CODE_SIGN_STYLE = Automatic;
				INFOPLIST_FILE = HZCommonUtil/Info.plist;
				LD_RUNPATH_SEARCH_PATHS = (
					"$(inherited)",
					"@executable_path/Frameworks",
				);
				PRODUCT_BUNDLE_IDENTIFIER = com.hachizhineng.HZCommonUtil;
				PRODUCT_NAME = "$(TARGET_NAME)";
				TARGETED_DEVICE_FAMILY = "1,2";
			};
			name = Debug;
		};
		23E2B53B208982B200B3216A /* Release */ = {
			isa = XCBuildConfiguration;
			buildSettings = {
				ASSETCATALOG_COMPILER_APPICON_NAME = AppIcon;
				CODE_SIGN_STYLE = Automatic;
				INFOPLIST_FILE = HZCommonUtil/Info.plist;
				LD_RUNPATH_SEARCH_PATHS = (
					"$(inherited)",
					"@executable_path/Frameworks",
				);
				PRODUCT_BUNDLE_IDENTIFIER = com.hachizhineng.HZCommonUtil;
				PRODUCT_NAME = "$(TARGET_NAME)";
				TARGETED_DEVICE_FAMILY = "1,2";
			};
			name = Release;
		};
/* End XCBuildConfiguration section */

/* Begin XCConfigurationList section */
		23E2B51E208982B100B3216A /* Build configuration list for PBXProject "HZCommonUtil" */ = {
			isa = XCConfigurationList;
			buildConfigurations = (
				23E2B537208982B200B3216A /* Debug */,
				23E2B538208982B200B3216A /* Release */,
			);
			defaultConfigurationIsVisible = 0;
			defaultConfigurationName = Release;
		};
		23E2B539208982B200B3216A /* Build configuration list for PBXNativeTarget "HZCommonUtil" */ = {
			isa = XCConfigurationList;
			buildConfigurations = (
				23E2B53A208982B200B3216A /* Debug */,
				23E2B53B208982B200B3216A /* Release */,
			);
			defaultConfigurationIsVisible = 0;
			defaultConfigurationName = Release;
		};
/* End XCConfigurationList section */
	};
	rootObject = 23E2B51B208982B000B3216A /* Project object */;
}
